[[package]]
name = "bitflags"
version = "1.0.4"
source = "registry+https://github.com/rust-lang/crates.io-index"

[[package]]
name = "clampf"
version = "0.1.1"
source = "registry+https://github.com/rust-lang/crates.io-index"
dependencies = [
 "num-traits 0.2.6 (registry+https://github.com/rust-lang/crates.io-index)",
]

[[package]]
name = "crossterm"
version = "0.5.4"
source = "registry+https://github.com/rust-lang/crates.io-index"
dependencies = [
 "crossterm_winapi 0.1.0 (registry+https://github.com/rust-lang/crates.io-index)",
 "libc 0.2.46 (registry+https://github.com/rust-lang/crates.io-index)",
 "termios 0.3.1 (registry+https://github.com/rust-lang/crates.io-index)",
 "winapi 0.3.6 (registry+https://github.com/rust-lang/crates.io-index)",
]

[[package]]
name = "crossterm_winapi"
version = "0.1.0"
source = "registry+https://github.com/rust-lang/crates.io-index"
dependencies = [
 "winapi 0.3.6 (registry+https://github.com/rust-lang/crates.io-index)",
]

[[package]]
name = "either"
version = "1.5.0"
source = "registry+https://github.com/rust-lang/crates.io-index"

[[package]]
name = "improve"
version = "0.1.0"
dependencies = [
 "clampf 0.1.1 (registry+https://github.com/rust-lang/crates.io-index)",
 "crossterm 0.5.4 (registry+https://github.com/rust-lang/crates.io-index)",
 "itertools 0.8.0 (registry+https://github.com/rust-lang/crates.io-index)",
 "jack 0.6.0 (registry+https://github.com/rust-lang/crates.io-index)",
 "rustfft 3.0.0 (registry+https://github.com/rust-lang/crates.io-index)",
]

[[package]]
name = "itertools"
version = "0.8.0"
source = "registry+https://github.com/rust-lang/crates.io-index"
dependencies = [
 "either 1.5.0 (registry+https://github.com/rust-lang/crates.io-index)",
]

[[package]]
name = "jack"
version = "0.6.0"
source = "registry+https://github.com/rust-lang/crates.io-index"
dependencies = [
 "bitflags 1.0.4 (registry+https://github.com/rust-lang/crates.io-index)",
 "jack-sys 0.2.0 (registry+https://github.com/rust-lang/crates.io-index)",
 "lazy_static 1.2.0 (registry+https://github.com/rust-lang/crates.io-index)",
 "libc 0.2.46 (registry+https://github.com/rust-lang/crates.io-index)",
]

[[package]]
name = "jack-sys"
version = "0.2.0"
source = "registry+https://github.com/rust-lang/crates.io-index"
dependencies = [
 "lazy_static 1.2.0 (registry+https://github.com/rust-lang/crates.io-index)",
 "libc 0.2.46 (registry+https://github.com/rust-lang/crates.io-index)",
 "libloading 0.4.3 (registry+https://github.com/rust-lang/crates.io-index)",
]

[[package]]
name = "kernel32-sys"
version = "0.2.2"
source = "registry+https://github.com/rust-lang/crates.io-index"
dependencies = [
 "winapi 0.2.8 (registry+https://github.com/rust-lang/crates.io-index)",
 "winapi-build 0.1.1 (registry+https://github.com/rust-lang/crates.io-index)",
]

[[package]]
name = "lazy_static"
version = "1.2.0"
source = "registry+https://github.com/rust-lang/crates.io-index"

[[package]]
name = "libc"
version = "0.2.46"
source = "registry+https://github.com/rust-lang/crates.io-index"

[[package]]
name = "libloading"
version = "0.4.3"
source = "registry+https://github.com/rust-lang/crates.io-index"
dependencies = [
 "kernel32-sys 0.2.2 (registry+https://github.com/rust-lang/crates.io-index)",
 "lazy_static 1.2.0 (registry+https://github.com/rust-lang/crates.io-index)",
 "winapi 0.2.8 (registry+https://github.com/rust-lang/crates.io-index)",
]

[[package]]
name = "num-complex"
version = "0.2.1"
source = "registry+https://github.com/rust-lang/crates.io-index"
dependencies = [
 "num-traits 0.2.6 (registry+https://github.com/rust-lang/crates.io-index)",
]

[[package]]
name = "num-integer"
version = "0.1.39"
source = "registry+https://github.com/rust-lang/crates.io-index"
dependencies = [
 "num-traits 0.2.6 (registry+https://github.com/rust-lang/crates.io-index)",
]

[[package]]
name = "num-traits"
version = "0.2.6"
source = "registry+https://github.com/rust-lang/crates.io-index"

[[package]]
name = "rustfft"
version = "3.0.0"
source = "registry+https://github.com/rust-lang/crates.io-index"
dependencies = [
 "num-complex 0.2.1 (registry+https://github.com/rust-lang/crates.io-index)",
 "num-integer 0.1.39 (registry+https://github.com/rust-lang/crates.io-index)",
 "num-traits 0.2.6 (registry+https://github.com/rust-lang/crates.io-index)",
 "strength_reduce 0.2.1 (registry+https://github.com/rust-lang/crates.io-index)",
 "transpose 0.1.0 (registry+https://github.com/rust-lang/crates.io-index)",
]

[[package]]
name = "strength_reduce"
version = "0.2.1"
source = "registry+https://github.com/rust-lang/crates.io-index"

[[package]]
name = "termios"
version = "0.3.1"
source = "registry+https://github.com/rust-lang/crates.io-index"
dependencies = [
 "libc 0.2.46 (registry+https://github.com/rust-lang/crates.io-index)",
]

[[package]]
name = "transpose"
version = "0.1.0"
source = "registry+https://github.com/rust-lang/crates.io-index"

[[package]]
name = "winapi"
version = "0.2.8"
source = "registry+https://github.com/rust-lang/crates.io-index"

[[package]]
name = "winapi"
version = "0.3.6"
source = "registry+https://github.com/rust-lang/crates.io-index"
dependencies = [
 "winapi-i686-pc-windows-gnu 0.4.0 (registry+https://github.com/rust-lang/crates.io-index)",
 "winapi-x86_64-pc-windows-gnu 0.4.0 (registry+https://github.com/rust-lang/crates.io-index)",
]

[[package]]
name = "winapi-build"
version = "0.1.1"
source = "registry+https://github.com/rust-lang/crates.io-index"

[[package]]
name = "winapi-i686-pc-windows-gnu"
version = "0.4.0"
source = "registry+https://github.com/rust-lang/crates.io-index"

[[package]]
name = "winapi-x86_64-pc-windows-gnu"
version = "0.4.0"
source = "registry+https://github.com/rust-lang/crates.io-index"

[metadata]
"checksum bitflags 1.0.4 (registry+https://github.com/rust-lang/crates.io-index)" = "228047a76f468627ca71776ecdebd732a3423081fcf5125585bcd7c49886ce12"
"checksum clampf 0.1.1 (registry+https://github.com/rust-lang/crates.io-index)" = "16c49b1abbac95ef3658bcdf24d8b70076104a9077da34ac92b19e649df3ff16"
"checksum crossterm 0.5.4 (registry+https://github.com/rust-lang/crates.io-index)" = "5902ceec4dda147d8c7d0eebf979fdf3b0b56dff51676f6dc4cc5df01dbea113"
"checksum crossterm_winapi 0.1.0 (registry+https://github.com/rust-lang/crates.io-index)" = "8b1bc85eec28aa07ce82ff8adab106a9d92f877667f7cf76518ba43da47a205d"
"checksum either 1.5.0 (registry+https://github.com/rust-lang/crates.io-index)" = "3be565ca5c557d7f59e7cfcf1844f9e3033650c929c6566f511e8005f205c1d0"
"checksum itertools 0.8.0 (registry+https://github.com/rust-lang/crates.io-index)" = "5b8467d9c1cebe26feb08c640139247fac215782d35371ade9a2136ed6085358"
"checksum jack 0.6.0 (registry+https://github.com/rust-lang/crates.io-index)" = "064b66c901bbbfd8f991e8c5923376f52cf832115aaf77ae97173c4bbc33274e"
"checksum jack-sys 0.2.0 (registry+https://github.com/rust-lang/crates.io-index)" = "c0d4ca501477fd3cd93a36df581046e5d6338ed826cf7e9b8d302603521e6cc3"
"checksum kernel32-sys 0.2.2 (registry+https://github.com/rust-lang/crates.io-index)" = "7507624b29483431c0ba2d82aece8ca6cdba9382bff4ddd0f7490560c056098d"
"checksum lazy_static 1.2.0 (registry+https://github.com/rust-lang/crates.io-index)" = "a374c89b9db55895453a74c1e38861d9deec0b01b405a82516e9d5de4820dea1"
"checksum libc 0.2.46 (registry+https://github.com/rust-lang/crates.io-index)" = "023a4cd09b2ff695f9734c1934145a315594b7986398496841c7031a5a1bbdbd"
"checksum libloading 0.4.3 (registry+https://github.com/rust-lang/crates.io-index)" = "fd38073de8f7965d0c17d30546d4bb6da311ab428d1c7a3fc71dff7f9d4979b9"
"checksum num-complex 0.2.1 (registry+https://github.com/rust-lang/crates.io-index)" = "107b9be86cd2481930688277b675b0114578227f034674726605b8a482d8baf8"
"checksum num-integer 0.1.39 (registry+https://github.com/rust-lang/crates.io-index)" = "e83d528d2677f0518c570baf2b7abdcf0cd2d248860b68507bdcb3e91d4c0cea"
"checksum num-traits 0.2.6 (registry+https://github.com/rust-lang/crates.io-index)" = "0b3a5d7cc97d6d30d8b9bc8fa19bf45349ffe46241e8816f50f62f6d6aaabee1"
"checksum rustfft 3.0.0 (registry+https://github.com/rust-lang/crates.io-index)" = "9c86a9dc178e87c7933f6e79bb93fa26c27548d551ab022b7f24ee2117aa4cb3"
"checksum strength_reduce 0.2.1 (registry+https://github.com/rust-lang/crates.io-index)" = "a2c75312b4c67dfa864c7cb987133c930c9f18829fb918ce5d9bca4a0532ec72"
"checksum termios 0.3.1 (registry+https://github.com/rust-lang/crates.io-index)" = "72b620c5ea021d75a735c943269bb07d30c9b77d6ac6b236bc8b5c496ef05625"
"checksum transpose 0.1.0 (registry+https://github.com/rust-lang/crates.io-index)" = "643e21580bb0627c7bb09e5cedbb42c8705b19d012de593ed6b0309270b3cd1e"
"checksum winapi 0.2.8 (registry+https://github.com/rust-lang/crates.io-index)" = "167dc9d6949a9b857f3451275e911c3f44255842c1f7a76f33c55103a909087a"
"checksum winapi 0.3.6 (registry+https://github.com/rust-lang/crates.io-index)" = "92c1eb33641e276cfa214a0522acad57be5c56b10cb348b3c5117db75f3ac4b0"
"checksum winapi-build 0.1.1 (registry+https://github.com/rust-lang/crates.io-index)" = "2d315eee3b34aca4797b2da6b13ed88266e6d612562a0c46390af8299fc699bc"
"checksum winapi-i686-pc-windows-gnu 0.4.0 (registry+https://github.com/rust-lang/crates.io-index)" = "ac3b87c63620426dd9b991e5ce0329eff545bccbbb34f3be09ff6fb6ab51b7b6"
"checksum winapi-x86_64-pc-windows-gnu 0.4.0 (registry+https://github.com/rust-lang/crates.io-index)" = "712e227841d057c1ee1cd2fb22fa7e5a5461ae8e48fa2ca79ec42cfc1931183f"
